
Microsoft Visual Studio Solution File, Format Version 12.00
# Visual Studio 15
VisualStudioVersion = 15.0.27703.2042
MinimumVisualStudioVersion = 10.0.40219.1
Project("{FAE04EC0-301F-11D3-BF4B-00C04F79EFBC}") = "ConsoleApp", "ConsoleApp\ConsoleApp1.csproj", "{E9F40ED1-BD63-41A5-BE1D-B1DABC8F3DDA}"
EndProject
Global
	GlobalSection(SolutionConfigurationPlatforms) = preSolution
		Debug|Any CPU = Debug|Any CPU
		Release|Any CPU = Release|Any CPU
	EndGlobalSection
	GlobalSection(ProjectConfigurationPlatforms) = postSolution
		{E9F40ED1-BD63-41A5-BE1D-B1DABC8F3DDA}.Debug|Any CPU.ActiveCfg = Debug|Any CPU
		{E9F40ED1-BD63-41A5-BE1D-B1DABC8F3DDA}.Debug|Any CPU.Build.0 = Debug|Any CPU
		{E9F40ED1-BD63-41A5-BE1D-B1DABC8F3DDA}.Release|Any CPU.ActiveCfg = Release|Any CPU
		{E9F40ED1-BD63-41A5-BE1D-B1DABC8F3DDA}.Release|Any CPU.Build.0 = Release|Any CPU
	EndGlobalSection
	GlobalSection(SolutionProperties) = preSolution
		HideSolutionNode = FALSE
	EndGlobalSection
	GlobalSection(ExtensibilityGlobals) = postSolution
		SolutionGuid = {0BFDAF9B-B6D2-46BD-A790-6104F9420FDA}
	EndGlobalSection
EndGlobal
